
Microsoft Visual Studio Solution File, Format Version 12.00
# Visual Studio 15
VisualStudioVersion = 15.0.27130.2027
MinimumVisualStudioVersion = 10.0.40219.1
Project("{FAE04EC0-301F-11D3-BF4B-00C04F79EFBC}") = "autoro.api", "autoro.api\autoro.api.csproj", "{092CD017-ED51-4745-B171-95A6ACCC3B87}"
EndProject
Project("{E53339B2-1760-4266-BCC7-CA923CBCF16C}") = "docker-compose", "docker-compose.dcproj", "{EC0BCD49-5445-40CE-AB51-BDA03F85B72E}"
EndProject
Global
	GlobalSection(SolutionConfigurationPlatforms) = preSolution
		Debug|Any CPU = Debug|Any CPU
		Release|Any CPU = Release|Any CPU
	EndGlobalSection
	GlobalSection(ProjectConfigurationPlatforms) = postSolution
		{092CD017-ED51-4745-B171-95A6ACCC3B87}.Debug|Any CPU.ActiveCfg = Debug|Any CPU
		{092CD017-ED51-4745-B171-95A6ACCC3B87}.Debug|Any CPU.Build.0 = Debug|Any CPU
		{092CD017-ED51-4745-B171-95A6ACCC3B87}.Release|Any CPU.ActiveCfg = Release|Any CPU
		{092CD017-ED51-4745-B171-95A6ACCC3B87}.Release|Any CPU.Build.0 = Release|Any CPU
		{EC0BCD49-5445-40CE-AB51-BDA03F85B72E}.Debug|Any CPU.ActiveCfg = Debug|Any CPU
		{EC0BCD49-5445-40CE-AB51-BDA03F85B72E}.Debug|Any CPU.Build.0 = Debug|Any CPU
		{EC0BCD49-5445-40CE-AB51-BDA03F85B72E}.Release|Any CPU.ActiveCfg = Release|Any CPU
		{EC0BCD49-5445-40CE-AB51-BDA03F85B72E}.Release|Any CPU.Build.0 = Release|Any CPU
	EndGlobalSection
	GlobalSection(SolutionProperties) = preSolution
		HideSolutionNode = FALSE
	EndGlobalSection
	GlobalSection(ExtensibilityGlobals) = postSolution
		SolutionGuid = {C2EFB45F-C6F4-4C5C-A40E-791E932FE7D4}
	EndGlobalSection
EndGlobal
